{
  "name": "View",
  "lockfileVersion": 3,
  "requires": true,
  "packages": {
    "": {
      "dependencies": {
        "@ckeditor/ckeditor5-build-classic": "^40.2.0"
      }
    },
    "node_modules/@ckeditor/ckeditor5-adapter-ckfinder": {
      "version": "40.2.0",
      "resolved": "https://registry.npmjs.org/@ckeditor/ckeditor5-adapter-ckfinder/-/ckeditor5-adapter-ckfinder-40.2.0.tgz",
      "integrity": "sha512-YKdydg4DzaMk91saOL55KBNQE3St2NEj1E9hlk9CzHKQaHc79dYzHDNBolSE7ZmzkNJ4ToVbY7kRW5CDGfG5Rg==",
      "dependencies": {
        "ckeditor5": "40.2.0"
      }
    },
    "node_modules/@ckeditor/ckeditor5-autoformat": {
      "version": "40.2.0",
      "resolved": "https://registry.npmjs.org/@ckeditor/ckeditor5-autoformat/-/ckeditor5-autoformat-40.2.0.tgz",
      "integrity": "sha512-F3w5k7ti5l6V8U07eSQ3gup3ivltRZQXdtvstBXMmTzDb2ceazNcUDLb6TKSHp5y30ETN0dRGgbhx9xiDL0TXg==",
      "dependencies": {
        "ckeditor5": "40.2.0"
      }
    },
    "node_modules/@ckeditor/ckeditor5-basic-styles": {
      "version": "40.2.0",
      "resolved": "https://registry.npmjs.org/@ckeditor/ckeditor5-basic-styles/-/ckeditor5-basic-styles-40.2.0.tgz",
      "integrity": "sha512-P7jYddLnRpaR4zVCqDa8InsZ6YNRHdF0RrX6+Uz81+A1IfyfmSd+5IaiLxxdnFWQ4JlEhJutjy9vMwSmOhZocQ==",
      "dependencies": {
        "ckeditor5": "40.2.0"
      }
    },
    "node_modules/@ckeditor/ckeditor5-block-quote": {
      "version": "40.2.0",
      "resolved": "https://registry.npmjs.org/@ckeditor/ckeditor5-block-quote/-/ckeditor5-block-quote-40.2.0.tgz",
      "integrity": "sha512-t03Yp+MeAyQhwdGZqUlkJEx25VSiigpzkIGGOhccSaTIIZ9XcWDkrTevDhwA4Pq4Q9IRQ8Loj3KCVSBuAqkBgw==",
      "dependencies": {
        "ckeditor5": "40.2.0"
      }
    },
    "node_modules/@ckeditor/ckeditor5-build-classic": {
      "version": "40.2.0",
      "resolved": "https://registry.npmjs.org/@ckeditor/ckeditor5-build-classic/-/ckeditor5-build-classic-40.2.0.tgz",
      "integrity": "sha512-b9zt1kU0S2Azco8mXraxj56pctHRs9y/XfdVrpFzxiRbbzyBZ42WgX1ThJNTqH6WkXCxDPYSbqPhNIvPHpuEyg==",
      "dependencies": {
        "@ckeditor/ckeditor5-adapter-ckfinder": "40.2.0",
        "@ckeditor/ckeditor5-autoformat": "40.2.0",
        "@ckeditor/ckeditor5-basic-styles": "40.2.0",
        "@ckeditor/ckeditor5-block-quote": "40.2.0",
        "@ckeditor/ckeditor5-ckbox": "40.2.0",
        "@ckeditor/ckeditor5-ckfinder": "40.2.0",
        "@ckeditor/ckeditor5-cloud-services": "40.2.0",
        "@ckeditor/ckeditor5-easy-image": "40.2.0",
        "@ckeditor/ckeditor5-editor-classic": "40.2.0",
        "@ckeditor/ckeditor5-essentials": "40.2.0",
        "@ckeditor/ckeditor5-heading": "40.2.0",
        "@ckeditor/ckeditor5-image": "40.2.0",
        "@ckeditor/ckeditor5-indent": "40.2.0",
        "@ckeditor/ckeditor5-link": "40.2.0",
        "@ckeditor/ckeditor5-list": "40.2.0",
        "@ckeditor/ckeditor5-media-embed": "40.2.0",
        "@ckeditor/ckeditor5-paragraph": "40.2.0",
        "@ckeditor/ckeditor5-paste-from-office": "40.2.0",
        "@ckeditor/ckeditor5-table": "40.2.0",
        "@ckeditor/ckeditor5-typing": "40.2.0"
      }
    },
    "node_modules/@ckeditor/ckeditor5-ckbox": {
      "version": "40.2.0",
      "resolved": "https://registry.npmjs.org/@ckeditor/ckeditor5-ckbox/-/ckeditor5-ckbox-40.2.0.tgz",
      "integrity": "sha512-w/A3RA7qpR7Scl4hgUTt8j+oV7oD9IFPNGTpp0xoyfWEV8Ymm2NrMAvV0PAJiavYS3+FT4GO4RBOM6BvLHuV3w==",
      "dependencies": {
        "blurhash": "2.0.5",
        "ckeditor5": "40.2.0",
        "lodash-es": "4.17.21"
      }
    },
    "node_modules/@ckeditor/ckeditor5-ckfinder": {
      "version": "40.2.0",
      "resolved": "https://registry.npmjs.org/@ckeditor/ckeditor5-ckfinder/-/ckeditor5-ckfinder-40.2.0.tgz",
      "integrity": "sha512-kiW5TZOLHYd6hhWeDIrep8FXLo0q14b0e0Jit0XSi3z4PQfdDSRk9UuMJPkkf4EdF3PUSdMJ9bccJG76DYXzFQ==",
      "dependencies": {
        "ckeditor5": "40.2.0"
      }
    },
    "node_modules/@ckeditor/ckeditor5-clipboard": {
      "version": "40.2.0",
      "resolved": "https://registry.npmjs.org/@ckeditor/ckeditor5-clipboard/-/ckeditor5-clipboard-40.2.0.tgz",
      "integrity": "sha512-8/xPH9/i86ukcEiHdmTgNuPVJeYTrivbx5ZYqycPO4Eem7VM99gIbOe7pIYpuV+klr9ymVxIHbGyTJDJ3oUO8A==",
      "dependencies": {
        "@ckeditor/ckeditor5-core": "40.2.0",
        "@ckeditor/ckeditor5-engine": "40.2.0",
        "@ckeditor/ckeditor5-ui": "40.2.0",
        "@ckeditor/ckeditor5-utils": "40.2.0",
        "@ckeditor/ckeditor5-widget": "40.2.0",
        "lodash-es": "4.17.21"
      }
    },
    "node_modules/@ckeditor/ckeditor5-cloud-services": {
      "version": "40.2.0",
      "resolved": "https://registry.npmjs.org/@ckeditor/ckeditor5-cloud-services/-/ckeditor5-cloud-services-40.2.0.tgz",
      "integrity": "sha512-xrPQjFGGy1ZfXyKIMw0uzn7OIriSv13YMw0M2ZTh+V1jRN1HW9KzzNb2DlQc+6wQfRk0bq69XGLp3M296/cVTQ==",
      "dependencies": {
        "ckeditor5": "40.2.0"
      }
    },
    "node_modules/@ckeditor/ckeditor5-core": {
      "version": "40.2.0",
      "resolved": "https://registry.npmjs.org/@ckeditor/ckeditor5-core/-/ckeditor5-core-40.2.0.tgz",
      "integrity": "sha512-0fqIaN+ZhkXXA3mpBN+alycBzPMc8ruO8VrP0OnvCjowqZVS2HXC2AaXNBdxc75xGI3ScXIor7FsgFHxVJIYYQ==",
      "dependencies": {
        "@ckeditor/ckeditor5-engine": "40.2.0",
        "@ckeditor/ckeditor5-utils": "40.2.0",
        "lodash-es": "4.17.21"
      }
    },
    "node_modules/@ckeditor/ckeditor5-easy-image": {
      "version": "40.2.0",
      "resolved": "https://registry.npmjs.org/@ckeditor/ckeditor5-easy-image/-/ckeditor5-easy-image-40.2.0.tgz",
      "integrity": "sha512-bE9YHGYEY1ql5mIqZSI2fkoBA4th28M0GDaJutwJYKM3t+Bost3Zh1UfmYKE2kvYgmeLY1L3hjQpN9w7NYyLpw==",
      "dependencies": {
        "ckeditor5": "40.2.0"
      }
    },
    "node_modules/@ckeditor/ckeditor5-editor-classic": {
      "version": "40.2.0",
      "resolved": "https://registry.npmjs.org/@ckeditor/ckeditor5-editor-classic/-/ckeditor5-editor-classic-40.2.0.tgz",
      "integrity": "sha512-dftfDBxANOgqgQZ4SB3YTsEV/XX1u0g9jopbOBwqIABnVVa8zoGcktgFdGnLUFk51sL65baSx2z8Z1NNYdZcFQ==",
      "dependencies": {
        "ckeditor5": "40.2.0",
        "lodash-es": "4.17.21"
      }
    },
    "node_modules/@ckeditor/ckeditor5-engine": {
      "version": "40.2.0",
      "resolved": "https://registry.npmjs.org/@ckeditor/ckeditor5-engine/-/ckeditor5-engine-40.2.0.tgz",
      "integrity": "sha512-sgboUX8Ps+LcEgywyT3BeK1nzLHjNVIiZU1qvRxR3ixzIw4w2xRNXCGfESWLW5Y5rv9+ypUCrX61oLnZU64PQQ==",
      "dependencies": {
        "@ckeditor/ckeditor5-utils": "40.2.0",
        "lodash-es": "4.17.21"
      }
    },
    "node_modules/@ckeditor/ckeditor5-enter": {
      "version": "40.2.0",
      "resolved": "https://registry.npmjs.org/@ckeditor/ckeditor5-enter/-/ckeditor5-enter-40.2.0.tgz",
      "integrity": "sha512-GjTRaKNX8QEDJ3YYKG3GfPZfGHrcigGBxbo+1WDT7NaOsR2DA/CIZfHlAPfgJDAMV17bhWsT3gy3+oQZsExtnQ==",
      "dependencies": {
        "@ckeditor/ckeditor5-core": "40.2.0",
        "@ckeditor/ckeditor5-engine": "40.2.0",
        "@ckeditor/ckeditor5-utils": "40.2.0"
      }
    },
    "node_modules/@ckeditor/ckeditor5-essentials": {
      "version": "40.2.0",
      "resolved": "https://registry.npmjs.org/@ckeditor/ckeditor5-essentials/-/ckeditor5-essentials-40.2.0.tgz",
      "integrity": "sha512-7iUUy0Uwiei4yLrn145SOcyzriMeVFVc5ontQkxQE5b9alFdAc/6ZoDPZqwD7V0zi5RQ/2YsoVMRLFa4hbPfNA==",
      "dependencies": {
        "ckeditor5": "40.2.0"
      }
    },
    "node_modules/@ckeditor/ckeditor5-heading": {
      "version": "40.2.0",
      "resolved": "https://registry.npmjs.org/@ckeditor/ckeditor5-heading/-/ckeditor5-heading-40.2.0.tgz",
      "integrity": "sha512-uDT1sttMy+KrKi90jnqEI43886o1wfKrROWqaMbmKOerTbIi58GNH9LvX04sf1RyHV3+3566RRmB248fsLkYjA==",
      "dependencies": {
        "ckeditor5": "40.2.0"
      }
    },
    "node_modules/@ckeditor/ckeditor5-image": {
      "version": "40.2.0",
      "resolved": "https://registry.npmjs.org/@ckeditor/ckeditor5-image/-/ckeditor5-image-40.2.0.tgz",
      "integrity": "sha512-0Dunw1o5k2+5Q5XiWLDG1r8k9awosfIFuDZwqKJGWtDaNE4QQbJ9+iJSwiiRw2QjcGr7D3JdH7xwJZFra7kYmA==",
      "dependencies": {
        "@ckeditor/ckeditor5-ui": "40.2.0",
        "ckeditor5": "40.2.0",
        "lodash-es": "4.17.21"
      }
    },
    "node_modules/@ckeditor/ckeditor5-indent": {
      "version": "40.2.0",
      "resolved": "https://registry.npmjs.org/@ckeditor/ckeditor5-indent/-/ckeditor5-indent-40.2.0.tgz",
      "integrity": "sha512-gSlRGoyAslB2OpqghimIY6Oiflf3Z2/MdLBzvFipU5N4X66cL29HuWZc/bOkcFzWwNeDK5LgzfLdvXNzkdv5Xw==",
      "dependencies": {
        "ckeditor5": "40.2.0"
      }
    },
    "node_modules/@ckeditor/ckeditor5-link": {
      "version": "40.2.0",
      "resolved": "https://registry.npmjs.org/@ckeditor/ckeditor5-link/-/ckeditor5-link-40.2.0.tgz",
      "integrity": "sha512-/r4Ti9USdrURBX+qutvyDGOb75sNuSgtXdI8xK503EVfx5yBIi6qsYIYWoFvnGJKkLYkVo+940ilduhwzq0M7g==",
      "dependencies": {
        "@ckeditor/ckeditor5-ui": "40.2.0",
        "ckeditor5": "40.2.0",
        "lodash-es": "4.17.21"
      }
    },
    "node_modules/@ckeditor/ckeditor5-list": {
      "version": "40.2.0",
      "resolved": "https://registry.npmjs.org/@ckeditor/ckeditor5-list/-/ckeditor5-list-40.2.0.tgz",
      "integrity": "sha512-lsQWSLSFRHRQ2AxA6vgTib9YELjF2J5jpR6H4RDW1gM//dL3FjvLxKPPN/V7rMcp15rrpSiOya+qB99l24DEpQ==",
      "dependencies": {
        "ckeditor5": "40.2.0"
      }
    },
    "node_modules/@ckeditor/ckeditor5-media-embed": {
      "version": "40.2.0",
      "resolved": "https://registry.npmjs.org/@ckeditor/ckeditor5-media-embed/-/ckeditor5-media-embed-40.2.0.tgz",
      "integrity": "sha512-ORY7VebL7UTuBG/4++UxzqEKjnlZZKAFqUrIom7xXpQNfo6oJFtZLnKYwESZ6iNk7NBOAeiHEecP2tKWyFQd1g==",
      "dependencies": {
        "@ckeditor/ckeditor5-ui": "40.2.0",
        "ckeditor5": "40.2.0"
      }
    },
    "node_modules/@ckeditor/ckeditor5-paragraph": {
      "version": "40.2.0",
      "resolved": "https://registry.npmjs.org/@ckeditor/ckeditor5-paragraph/-/ckeditor5-paragraph-40.2.0.tgz",
      "integrity": "sha512-NotxWP1cKvbJSY1UwdTe/Oy1NnAj9Etsi4Z7XA908EvCsNSnFtzdMhYzLhFZJ18avrQFDa7PpSKSyN3M64CbSA==",
      "dependencies": {
        "@ckeditor/ckeditor5-core": "40.2.0",
        "@ckeditor/ckeditor5-ui": "40.2.0",
        "@ckeditor/ckeditor5-utils": "40.2.0"
      }
    },
    "node_modules/@ckeditor/ckeditor5-paste-from-office": {
      "version": "40.2.0",
      "resolved": "https://registry.npmjs.org/@ckeditor/ckeditor5-paste-from-office/-/ckeditor5-paste-from-office-40.2.0.tgz",
      "integrity": "sha512-kdk7uJlSa9mvyuNAwmIfV6Kc1tfWI6DbCs19jyseA/F0vySKibb0DsBVSZ7xa5ihcjphfJvwpypWYL0BYdYKLQ==",
      "dependencies": {
        "ckeditor5": "40.2.0"
      }
    },
    "node_modules/@ckeditor/ckeditor5-select-all": {
      "version": "40.2.0",
      "resolved": "https://registry.npmjs.org/@ckeditor/ckeditor5-select-all/-/ckeditor5-select-all-40.2.0.tgz",
      "integrity": "sha512-yaYCqhdMcoEH3BsilhweNdbOfuO/cexQ1r1/mYoBoW4CypIuAeq8J/3qLpvFaThmCRPzJBn1J7v2Yjs/0UnamA==",
      "dependencies": {
        "@ckeditor/ckeditor5-core": "40.2.0",
        "@ckeditor/ckeditor5-ui": "40.2.0",
        "@ckeditor/ckeditor5-utils": "40.2.0"
      }
    },
    "node_modules/@ckeditor/ckeditor5-table": {
      "version": "40.2.0",
      "resolved": "https://registry.npmjs.org/@ckeditor/ckeditor5-table/-/ckeditor5-table-40.2.0.tgz",
      "integrity": "sha512-yODne7az/aJ9lsuI7w476pgGV2QBoH2tOKp3JFh/e2DdHC20637LCVd0cx8sUe3zk61X/eYPY+wOiRJx/mIUqg==",
      "dependencies": {
        "ckeditor5": "40.2.0",
        "lodash-es": "4.17.21"
      }
    },
    "node_modules/@ckeditor/ckeditor5-typing": {
      "version": "40.2.0",
      "resolved": "https://registry.npmjs.org/@ckeditor/ckeditor5-typing/-/ckeditor5-typing-40.2.0.tgz",
      "integrity": "sha512-2E7LkmC4RHdenMUwow0EZDKxlbX00c5UHysUVT51EBGrXiJcN++0cqxQaeJzQ262oTDpk94qE5IZdGXt3ntzrw==",
      "dependencies": {
        "@ckeditor/ckeditor5-core": "40.2.0",
        "@ckeditor/ckeditor5-engine": "40.2.0",
        "@ckeditor/ckeditor5-utils": "40.2.0",
        "lodash-es": "4.17.21"
      }
    },
    "node_modules/@ckeditor/ckeditor5-ui": {
      "version": "40.2.0",
      "resolved": "https://registry.npmjs.org/@ckeditor/ckeditor5-ui/-/ckeditor5-ui-40.2.0.tgz",
      "integrity": "sha512-K8oC9zrJokZD5Nl4uQjJMo8Couds0eHmfNI/go6iU4A4OAdDzph+W50QnyMed4etKnMdhvUSbnuZnPtQjnsvFA==",
      "dependencies": {
        "@ckeditor/ckeditor5-core": "40.2.0",
        "@ckeditor/ckeditor5-utils": "40.2.0",
        "color-convert": "2.0.1",
        "color-parse": "1.4.2",
        "lodash-es": "4.17.21",
        "vanilla-colorful": "0.7.2"
      }
    },
    "node_modules/@ckeditor/ckeditor5-undo": {
      "version": "40.2.0",
      "resolved": "https://registry.npmjs.org/@ckeditor/ckeditor5-undo/-/ckeditor5-undo-40.2.0.tgz",
      "integrity": "sha512-k2VZS5x4SJtYk3zhdwHYg+D00DgD0iWR0H4qQgcWmQMFRipYvXJRixP3hSLZGJciQanPFeYcjZgxNQ+rU1s8ug==",
      "dependencies": {
        "@ckeditor/ckeditor5-core": "40.2.0",
        "@ckeditor/ckeditor5-engine": "40.2.0",
        "@ckeditor/ckeditor5-ui": "40.2.0"
      }
    },
    "node_modules/@ckeditor/ckeditor5-upload": {
      "version": "40.2.0",
      "resolved": "https://registry.npmjs.org/@ckeditor/ckeditor5-upload/-/ckeditor5-upload-40.2.0.tgz",
      "integrity": "sha512-AdJSKvWEQbSSyA/DfxbCHRhFN6S4ew4kuYETO57e6AS3aOuYGLBRdu9Mub7IAQcOyy1LL6ktr9u5WEOoWS2h0w==",
      "dependencies": {
        "@ckeditor/ckeditor5-core": "40.2.0",
        "@ckeditor/ckeditor5-ui": "40.2.0",
        "@ckeditor/ckeditor5-utils": "40.2.0"
      }
    },
    "node_modules/@ckeditor/ckeditor5-utils": {
      "version": "40.2.0",
      "resolved": "https://registry.npmjs.org/@ckeditor/ckeditor5-utils/-/ckeditor5-utils-40.2.0.tgz",
      "integrity": "sha512-f+kTJBwwk7Y/LXm8pEPxBTXVlJwQrH7Levzye9zxEDB0Jtj7+brGr87o666fPmL/ATQc5M+VPhbvnk2sOv7WKg==",
      "dependencies": {
        "lodash-es": "4.17.21"
      }
    },
    "node_modules/@ckeditor/ckeditor5-watchdog": {
      "version": "40.2.0",
      "resolved": "https://registry.npmjs.org/@ckeditor/ckeditor5-watchdog/-/ckeditor5-watchdog-40.2.0.tgz",
      "integrity": "sha512-ets7o2dUR7l23G9o/RAbu+gJzUkc2Ul269E3TEhZnbQXFjshvEGK2kzuay7I+/waL3ADuYe4zuoBqsqdPoAhfg==",
      "dependencies": {
        "lodash-es": "4.17.21"
      }
    },
    "node_modules/@ckeditor/ckeditor5-widget": {
      "version": "40.2.0",
      "resolved": "https://registry.npmjs.org/@ckeditor/ckeditor5-widget/-/ckeditor5-widget-40.2.0.tgz",
      "integrity": "sha512-okeUSwbnu6TUKvwBOl0YdED6Me0/vvs1ybfKZPNEJNwGl989iG0LQO4oYUye8BTCZvzCZ2cBTb1Cvnwr8KRcbg==",
      "dependencies": {
        "@ckeditor/ckeditor5-core": "40.2.0",
        "@ckeditor/ckeditor5-engine": "40.2.0",
        "@ckeditor/ckeditor5-enter": "40.2.0",
        "@ckeditor/ckeditor5-typing": "40.2.0",
        "@ckeditor/ckeditor5-ui": "40.2.0",
        "@ckeditor/ckeditor5-utils": "40.2.0",
        "lodash-es": "4.17.21"
      }
    },
    "node_modules/blurhash": {
      "version": "2.0.5",
      "resolved": "https://registry.npmjs.org/blurhash/-/blurhash-2.0.5.tgz",
      "integrity": "sha512-cRygWd7kGBQO3VEhPiTgq4Wc43ctsM+o46urrmPOiuAe+07fzlSB9OJVdpgDL0jPqXUVQ9ht7aq7kxOeJHRK+w=="
    },
    "node_modules/ckeditor5": {
      "version": "40.2.0",
      "resolved": "https://registry.npmjs.org/ckeditor5/-/ckeditor5-40.2.0.tgz",
      "integrity": "sha512-JaFuY/6DX1wbA6yRB2xQVMr+9W1C3HvSX4AT10ccoKBKe9OctIatekDt2ztV+cMaVHLF1wocskS/Ql9XFRy2Eg==",
      "dependencies": {
        "@ckeditor/ckeditor5-clipboard": "40.2.0",
        "@ckeditor/ckeditor5-core": "40.2.0",
        "@ckeditor/ckeditor5-engine": "40.2.0",
        "@ckeditor/ckeditor5-enter": "40.2.0",
        "@ckeditor/ckeditor5-paragraph": "40.2.0",
        "@ckeditor/ckeditor5-select-all": "40.2.0",
        "@ckeditor/ckeditor5-typing": "40.2.0",
        "@ckeditor/ckeditor5-ui": "40.2.0",
        "@ckeditor/ckeditor5-undo": "40.2.0",
        "@ckeditor/ckeditor5-upload": "40.2.0",
        "@ckeditor/ckeditor5-utils": "40.2.0",
        "@ckeditor/ckeditor5-watchdog": "40.2.0",
        "@ckeditor/ckeditor5-widget": "40.2.0"
      }
    },
    "node_modules/color-convert": {
      "version": "2.0.1",
      "resolved": "https://registry.npmjs.org/color-convert/-/color-convert-2.0.1.tgz",
      "integrity": "sha512-RRECPsj7iu/xb5oKYcsFHSppFNnsj/52OVTRKb4zP5onXwVF3zVmmToNcOfGC+CRDpfK/U584fMg38ZHCaElKQ==",
      "dependencies": {
        "color-name": "~1.1.4"
      },
      "engines": {
        "node": ">=7.0.0"
      }
    },
    "node_modules/color-name": {
      "version": "1.1.4",
      "resolved": "https://registry.npmjs.org/color-name/-/color-name-1.1.4.tgz",
      "integrity": "sha512-dOy+3AuW3a2wNbZHIuMZpTcgjGuLU/uBL/ubcZF9OXbDo8ff4O8yVp5Bf0efS8uEoYo5q4Fx7dY9OgQGXgAsQA=="
    },
    "node_modules/color-parse": {
      "version": "1.4.2",
      "resolved": "https://registry.npmjs.org/color-parse/-/color-parse-1.4.2.tgz",
      "integrity": "sha512-RI7s49/8yqDj3fECFZjUI1Yi0z/Gq1py43oNJivAIIDSyJiOZLfYCRQEgn8HEVAj++PcRe8AnL2XF0fRJ3BTnA==",
      "dependencies": {
        "color-name": "^1.0.0"
      }
    },
    "node_modules/lodash-es": {
      "version": "4.17.21",
      "resolved": "https://registry.npmjs.org/lodash-es/-/lodash-es-4.17.21.tgz",
      "integrity": "sha512-mKnC+QJ9pWVzv+C4/U3rRsHapFfHvQFoFB92e52xeyGMcX6/OlIl78je1u8vePzYZSkkogMPJ2yjxxsb89cxyw=="
    },
    "node_modules/vanilla-colorful": {
      "version": "0.7.2",
      "resolved": "https://registry.npmjs.org/vanilla-colorful/-/vanilla-colorful-0.7.2.tgz",
      "integrity": "sha512-z2YZusTFC6KnLERx1cgoIRX2CjPRP0W75N+3CC6gbvdX5Ch47rZkEMGO2Xnf+IEmi3RiFLxS18gayMA27iU7Kg=="
    }
  }
}
